github.com/SebastiaanKlippert/go-wkhtmltopdf v1.9.0 h1:DNrExYwvyyI404SxdUCCANAj9TwnGjRfa3cYFMNY1AU=
github.com/SebastiaanKlippert/go-wkhtmltopdf v1.9.0/go.mod h1:SQq4xfIdvf6WYKSDxAJc+xOJdolt+/bc1jnQKMtPMvQ=
github.com/lib/pq v1.10.9 h1:YXG7RB+JIjhP29X+OtkiDnYaXQwpS4JEWq7dtCCRUEw=
github.com/lib/pq v1.10.9/go.mod h1:AlVN5x4E4T544tWzH6hKfbfQvm3HdbOxrmggDNAPY9o=
